
Microsoft Visual Studio Solution File, Format Version 12.00
# Visual Studio 15
VisualStudioVersion = 15.0.26730.12
MinimumVisualStudioVersion = 10.0.40219.1
Project("{FAE04EC0-301F-11D3-BF4B-00C04F79EFBC}") = "CTCI 4.1 Balanced Tree", "CTCI 4.1 Balanced Tree\CTCI 4.1 Balanced Tree.csproj", "{656D6F99-DCB8-4530-939A-427A73394334}"
EndProject
Global
	GlobalSection(SolutionConfigurationPlatforms) = preSolution
		Debug|Any CPU = Debug|Any CPU
		Release|Any CPU = Release|Any CPU
	EndGlobalSection
	GlobalSection(ProjectConfigurationPlatforms) = postSolution
		{656D6F99-DCB8-4530-939A-427A73394334}.Debug|Any CPU.ActiveCfg = Debug|Any CPU
		{656D6F99-DCB8-4530-939A-427A73394334}.Debug|Any CPU.Build.0 = Debug|Any CPU
		{656D6F99-DCB8-4530-939A-427A73394334}.Release|Any CPU.ActiveCfg = Release|Any CPU
		{656D6F99-DCB8-4530-939A-427A73394334}.Release|Any CPU.Build.0 = Release|Any CPU
	EndGlobalSection
	GlobalSection(SolutionProperties) = preSolution
		HideSolutionNode = FALSE
	EndGlobalSection
	GlobalSection(ExtensibilityGlobals) = postSolution
		SolutionGuid = {DE5927BA-33FD-4CC4-B87B-F6DC3C6F1D26}
	EndGlobalSection
EndGlobal
